
Microsoft Visual Studio Solution File, Format Version 12.00
# Visual Studio 15
VisualStudioVersion = 15.0.27004.2005
MinimumVisualStudioVersion = 10.0.40219.1
Project("{9A19103F-16F7-4668-BE54-9A1E7A4F7556}") = "NeuralNetwork.NET", "NeuralNetwork.NET\NeuralNetwork.NET.csproj", "{DB944C09-55F9-49E1-8F0D-BBFDE51914DE}"
EndProject
Project("{9A19103F-16F7-4668-BE54-9A1E7A4F7556}") = "NeuralNetwork.NET.Unit", "NeuralNetwork.NET.Unit\NeuralNetwork.NET.Unit.csproj", "{765CDBE7-1755-467F-AAC1-18B85E394DAE}"
EndProject
Project("{2150E333-8FDC-42A3-9474-1A3956D46DE8}") = "Samples", "Samples", "{4E3B7094-50D8-4AE9-BD6D-9181AA867AAF}"
EndProject
Project("{9A19103F-16F7-4668-BE54-9A1E7A4F7556}") = "DigitsTest", "Samples\DigitsTest\DigitsTest.csproj", "{C157E599-A01A-4F9E-BC1B-02E6C3D26E61}"
EndProject
Project("{9A19103F-16F7-4668-BE54-9A1E7A4F7556}") = "MnistDatasetToolkit", "Samples\MnistDatasetToolkit\MnistDatasetToolkit.csproj", "{684C87F9-061B-43F5-ADAF-65A43DA7F5F4}"
EndProject
Project("{FAE04EC0-301F-11D3-BF4B-00C04F79EFBC}") = "DigitsCudaTest", "Samples\DigitsCudaTest\DigitsCudaTest.csproj", "{2F0EEC06-4171-4738-9EAF-55CFBA658DC1}"
EndProject
Project("{FAE04EC0-301F-11D3-BF4B-00C04F79EFBC}") = "ManualDigitsTest", "Samples\ManualDigitsTest\ManualDigitsTest.csproj", "{953C6E04-F314-4DD6-8E8D-F2D2D6DCDD5C}"
EndProject
Project("{FAE04EC0-301F-11D3-BF4B-00C04F79EFBC}") = "NeuralNetwork.NET.Cuda.Unit", "NeuralNetwork.NET.Cuda.Unit\NeuralNetwork.NET.Cuda.Unit.csproj", "{4B1F19ED-1190-43D4-82E5-7060DBE3AC51}"
EndProject
Project("{D954291E-2A0B-460D-934E-DC6B0785DB48}") = "SharedBenchmark", "Samples\SharedBenchmark\SharedBenchmark.shproj", "{EDC2BE0B-3039-417B-9F39-79A498416BDC}"
EndProject
Project("{9A19103F-16F7-4668-BE54-9A1E7A4F7556}") = "NeuralNetwork.NET.Cuda", "NeuralNetwork.NET.Cuda\NeuralNetwork.NET.Cuda.csproj", "{E62B0893-BE5F-43A8-A186-16726330F087}"
EndProject
Global
	GlobalSection(SharedMSBuildProjectFiles) = preSolution
		Samples\SharedBenchmark\SharedBenchmark.projitems*{2f0eec06-4171-4738-9eaf-55cfba658dc1}*SharedItemsImports = 4
		Samples\SharedBenchmark\SharedBenchmark.projitems*{edc2be0b-3039-417b-9f39-79a498416bdc}*SharedItemsImports = 13
	EndGlobalSection
	GlobalSection(SolutionConfigurationPlatforms) = preSolution
		Debug|Any CPU = Debug|Any CPU
		Debug|ARM = Debug|ARM
		Debug|x64 = Debug|x64
		Debug|x86 = Debug|x86
		Release|Any CPU = Release|Any CPU
		Release|ARM = Release|ARM
		Release|x64 = Release|x64
		Release|x86 = Release|x86
	EndGlobalSection
	GlobalSection(ProjectConfigurationPlatforms) = postSolution
		{DB944C09-55F9-49E1-8F0D-BBFDE51914DE}.Debug|Any CPU.ActiveCfg = Debug|Any CPU
		{DB944C09-55F9-49E1-8F0D-BBFDE51914DE}.Debug|Any CPU.Build.0 = Debug|Any CPU
		{DB944C09-55F9-49E1-8F0D-BBFDE51914DE}.Debug|ARM.ActiveCfg = Debug|Any CPU
		{DB944C09-55F9-49E1-8F0D-BBFDE51914DE}.Debug|ARM.Build.0 = Debug|Any CPU
		{DB944C09-55F9-49E1-8F0D-BBFDE51914DE}.Debug|x64.ActiveCfg = Debug|Any CPU
		{DB944C09-55F9-49E1-8F0D-BBFDE51914DE}.Debug|x64.Build.0 = Debug|Any CPU
		{DB944C09-55F9-49E1-8F0D-BBFDE51914DE}.Debug|x86.ActiveCfg = Debug|Any CPU
		{DB944C09-55F9-49E1-8F0D-BBFDE51914DE}.Debug|x86.Build.0 = Debug|Any CPU
		{DB944C09-55F9-49E1-8F0D-BBFDE51914DE}.Release|Any CPU.ActiveCfg = Release|Any CPU
		{DB944C09-55F9-49E1-8F0D-BBFDE51914DE}.Release|Any CPU.Build.0 = Release|Any CPU
		{DB944C09-55F9-49E1-8F0D-BBFDE51914DE}.Release|ARM.ActiveCfg = Release|Any CPU
		{DB944C09-55F9-49E1-8F0D-BBFDE51914DE}.Release|ARM.Build.0 = Release|Any CPU
		{DB944C09-55F9-49E1-8F0D-BBFDE51914DE}.Release|x64.ActiveCfg = Release|Any CPU
		{DB944C09-55F9-49E1-8F0D-BBFDE51914DE}.Release|x64.Build.0 = Release|Any CPU
		{DB944C09-55F9-49E1-8F0D-BBFDE51914DE}.Release|x86.ActiveCfg = Release|Any CPU
		{DB944C09-55F9-49E1-8F0D-BBFDE51914DE}.Release|x86.Build.0 = Release|Any CPU
		{765CDBE7-1755-467F-AAC1-18B85E394DAE}.Debug|Any CPU.ActiveCfg = Debug|Any CPU
		{765CDBE7-1755-467F-AAC1-18B85E394DAE}.Debug|Any CPU.Build.0 = Debug|Any CPU
		{765CDBE7-1755-467F-AAC1-18B85E394DAE}.Debug|ARM.ActiveCfg = Debug|Any CPU
		{765CDBE7-1755-467F-AAC1-18B85E394DAE}.Debug|ARM.Build.0 = Debug|Any CPU
		{765CDBE7-1755-467F-AAC1-18B85E394DAE}.Debug|x64.ActiveCfg = Debug|Any CPU
		{765CDBE7-1755-467F-AAC1-18B85E394DAE}.Debug|x64.Build.0 = Debug|Any CPU
		{765CDBE7-1755-467F-AAC1-18B85E394DAE}.Debug|x86.ActiveCfg = Debug|Any CPU
		{765CDBE7-1755-467F-AAC1-18B85E394DAE}.Debug|x86.Build.0 = Debug|Any CPU
		{765CDBE7-1755-467F-AAC1-18B85E394DAE}.Release|Any CPU.ActiveCfg = Release|Any CPU
		{765CDBE7-1755-467F-AAC1-18B85E394DAE}.Release|Any CPU.Build.0 = Release|Any CPU
		{765CDBE7-1755-467F-AAC1-18B85E394DAE}.Release|ARM.ActiveCfg = Release|Any CPU
		{765CDBE7-1755-467F-AAC1-18B85E394DAE}.Release|ARM.Build.0 = Release|Any CPU
		{765CDBE7-1755-467F-AAC1-18B85E394DAE}.Release|x64.ActiveCfg = Release|Any CPU
		{765CDBE7-1755-467F-AAC1-18B85E394DAE}.Release|x64.Build.0 = Release|Any CPU
		{765CDBE7-1755-467F-AAC1-18B85E394DAE}.Release|x86.ActiveCfg = Release|Any CPU
		{765CDBE7-1755-467F-AAC1-18B85E394DAE}.Release|x86.Build.0 = Release|Any CPU
		{C157E599-A01A-4F9E-BC1B-02E6C3D26E61}.Debug|Any CPU.ActiveCfg = Debug|Any CPU
		{C157E599-A01A-4F9E-BC1B-02E6C3D26E61}.Debug|Any CPU.Build.0 = Debug|Any CPU
		{C157E599-A01A-4F9E-BC1B-02E6C3D26E61}.Debug|ARM.ActiveCfg = Debug|Any CPU
		{C157E599-A01A-4F9E-BC1B-02E6C3D26E61}.Debug|ARM.Build.0 = Debug|Any CPU
		{C157E599-A01A-4F9E-BC1B-02E6C3D26E61}.Debug|x64.ActiveCfg = Debug|Any CPU
		{C157E599-A01A-4F9E-BC1B-02E6C3D26E61}.Debug|x64.Build.0 = Debug|Any CPU
		{C157E599-A01A-4F9E-BC1B-02E6C3D26E61}.Debug|x86.ActiveCfg = Debug|Any CPU
		{C157E599-A01A-4F9E-BC1B-02E6C3D26E61}.Debug|x86.Build.0 = Debug|Any CPU
		{C157E599-A01A-4F9E-BC1B-02E6C3D26E61}.Release|Any CPU.ActiveCfg = Release|Any CPU
		{C157E599-A01A-4F9E-BC1B-02E6C3D26E61}.Release|Any CPU.Build.0 = Release|Any CPU
		{C157E599-A01A-4F9E-BC1B-02E6C3D26E61}.Release|ARM.ActiveCfg = Release|Any CPU
		{C157E599-A01A-4F9E-BC1B-02E6C3D26E61}.Release|ARM.Build.0 = Release|Any CPU
		{C157E599-A01A-4F9E-BC1B-02E6C3D26E61}.Release|x64.ActiveCfg = Release|Any CPU
		{C157E599-A01A-4F9E-BC1B-02E6C3D26E61}.Release|x64.Build.0 = Release|Any CPU
		{C157E599-A01A-4F9E-BC1B-02E6C3D26E61}.Release|x86.ActiveCfg = Release|Any CPU
		{C157E599-A01A-4F9E-BC1B-02E6C3D26E61}.Release|x86.Build.0 = Release|Any CPU
		{684C87F9-061B-43F5-ADAF-65A43DA7F5F4}.Debug|Any CPU.ActiveCfg = Debug|Any CPU
		{684C87F9-061B-43F5-ADAF-65A43DA7F5F4}.Debug|Any CPU.Build.0 = Debug|Any CPU
		{684C87F9-061B-43F5-ADAF-65A43DA7F5F4}.Debug|ARM.ActiveCfg = Debug|Any CPU
		{684C87F9-061B-43F5-ADAF-65A43DA7F5F4}.Debug|ARM.Build.0 = Debug|Any CPU
		{684C87F9-061B-43F5-ADAF-65A43DA7F5F4}.Debug|x64.ActiveCfg = Debug|Any CPU
		{684C87F9-061B-43F5-ADAF-65A43DA7F5F4}.Debug|x64.Build.0 = Debug|Any CPU
		{684C87F9-061B-43F5-ADAF-65A43DA7F5F4}.Debug|x86.ActiveCfg = Debug|Any CPU
		{684C87F9-061B-43F5-ADAF-65A43DA7F5F4}.Debug|x86.Build.0 = Debug|Any CPU
		{684C87F9-061B-43F5-ADAF-65A43DA7F5F4}.Release|Any CPU.ActiveCfg = Release|Any CPU
		{684C87F9-061B-43F5-ADAF-65A43DA7F5F4}.Release|Any CPU.Build.0 = Release|Any CPU
		{684C87F9-061B-43F5-ADAF-65A43DA7F5F4}.Release|ARM.ActiveCfg = Release|Any CPU
		{684C87F9-061B-43F5-ADAF-65A43DA7F5F4}.Release|ARM.Build.0 = Release|Any CPU
		{684C87F9-061B-43F5-ADAF-65A43DA7F5F4}.Release|x64.ActiveCfg = Release|Any CPU
		{684C87F9-061B-43F5-ADAF-65A43DA7F5F4}.Release|x64.Build.0 = Release|Any CPU
		{684C87F9-061B-43F5-ADAF-65A43DA7F5F4}.Release|x86.ActiveCfg = Release|Any CPU
		{684C87F9-061B-43F5-ADAF-65A43DA7F5F4}.Release|x86.Build.0 = Release|Any CPU
		{2F0EEC06-4171-4738-9EAF-55CFBA658DC1}.Debug|Any CPU.ActiveCfg = Debug|Any CPU
		{2F0EEC06-4171-4738-9EAF-55CFBA658DC1}.Debug|Any CPU.Build.0 = Debug|Any CPU
		{2F0EEC06-4171-4738-9EAF-55CFBA658DC1}.Debug|ARM.ActiveCfg = Debug|Any CPU
		{2F0EEC06-4171-4738-9EAF-55CFBA658DC1}.Debug|ARM.Build.0 = Debug|Any CPU
		{2F0EEC06-4171-4738-9EAF-55CFBA658DC1}.Debug|x64.ActiveCfg = Debug|Any CPU
		{2F0EEC06-4171-4738-9EAF-55CFBA658DC1}.Debug|x64.Build.0 = Debug|Any CPU
		{2F0EEC06-4171-4738-9EAF-55CFBA658DC1}.Debug|x86.ActiveCfg = Debug|Any CPU
		{2F0EEC06-4171-4738-9EAF-55CFBA658DC1}.Debug|x86.Build.0 = Debug|Any CPU
		{2F0EEC06-4171-4738-9EAF-55CFBA658DC1}.Release|Any CPU.ActiveCfg = Release|Any CPU
		{2F0EEC06-4171-4738-9EAF-55CFBA658DC1}.Release|Any CPU.Build.0 = Release|Any CPU
		{2F0EEC06-4171-4738-9EAF-55CFBA658DC1}.Release|ARM.ActiveCfg = Release|Any CPU
		{2F0EEC06-4171-4738-9EAF-55CFBA658DC1}.Release|ARM.Build.0 = Release|Any CPU
		{2F0EEC06-4171-4738-9EAF-55CFBA658DC1}.Release|x64.ActiveCfg = Release|Any CPU
		{2F0EEC06-4171-4738-9EAF-55CFBA658DC1}.Release|x64.Build.0 = Release|Any CPU
		{2F0EEC06-4171-4738-9EAF-55CFBA658DC1}.Release|x86.ActiveCfg = Release|Any CPU
		{2F0EEC06-4171-4738-9EAF-55CFBA658DC1}.Release|x86.Build.0 = Release|Any CPU
		{953C6E04-F314-4DD6-8E8D-F2D2D6DCDD5C}.Debug|Any CPU.ActiveCfg = Debug|Any CPU
		{953C6E04-F314-4DD6-8E8D-F2D2D6DCDD5C}.Debug|Any CPU.Build.0 = Debug|Any CPU
		{953C6E04-F314-4DD6-8E8D-F2D2D6DCDD5C}.Debug|ARM.ActiveCfg = Debug|Any CPU
		{953C6E04-F314-4DD6-8E8D-F2D2D6DCDD5C}.Debug|ARM.Build.0 = Debug|Any CPU
		{953C6E04-F314-4DD6-8E8D-F2D2D6DCDD5C}.Debug|x64.ActiveCfg = Debug|Any CPU
		{953C6E04-F314-4DD6-8E8D-F2D2D6DCDD5C}.Debug|x64.Build.0 = Debug|Any CPU
		{953C6E04-F314-4DD6-8E8D-F2D2D6DCDD5C}.Debug|x86.ActiveCfg = Debug|Any CPU
		{953C6E04-F314-4DD6-8E8D-F2D2D6DCDD5C}.Debug|x86.Build.0 = Debug|Any CPU
		{953C6E04-F314-4DD6-8E8D-F2D2D6DCDD5C}.Release|Any CPU.ActiveCfg = Release|Any CPU
		{953C6E04-F314-4DD6-8E8D-F2D2D6DCDD5C}.Release|Any CPU.Build.0 = Release|Any CPU
		{953C6E04-F314-4DD6-8E8D-F2D2D6DCDD5C}.Release|ARM.ActiveCfg = Release|Any CPU
		{953C6E04-F314-4DD6-8E8D-F2D2D6DCDD5C}.Release|ARM.Build.0 = Release|Any CPU
		{953C6E04-F314-4DD6-8E8D-F2D2D6DCDD5C}.Release|x64.ActiveCfg = Release|Any CPU
		{953C6E04-F314-4DD6-8E8D-F2D2D6DCDD5C}.Release|x64.Build.0 = Release|Any CPU
		{953C6E04-F314-4DD6-8E8D-F2D2D6DCDD5C}.Release|x86.ActiveCfg = Release|Any CPU
		{953C6E04-F314-4DD6-8E8D-F2D2D6DCDD5C}.Release|x86.Build.0 = Release|Any CPU
		{4B1F19ED-1190-43D4-82E5-7060DBE3AC51}.Debug|Any CPU.ActiveCfg = Debug|Any CPU
		{4B1F19ED-1190-43D4-82E5-7060DBE3AC51}.Debug|Any CPU.Build.0 = Debug|Any CPU
		{4B1F19ED-1190-43D4-82E5-7060DBE3AC51}.Debug|ARM.ActiveCfg = Debug|Any CPU
		{4B1F19ED-1190-43D4-82E5-7060DBE3AC51}.Debug|ARM.Build.0 = Debug|Any CPU
		{4B1F19ED-1190-43D4-82E5-7060DBE3AC51}.Debug|x64.ActiveCfg = Debug|Any CPU
		{4B1F19ED-1190-43D4-82E5-7060DBE3AC51}.Debug|x64.Build.0 = Debug|Any CPU
		{4B1F19ED-1190-43D4-82E5-7060DBE3AC51}.Debug|x86.ActiveCfg = Debug|Any CPU
		{4B1F19ED-1190-43D4-82E5-7060DBE3AC51}.Debug|x86.Build.0 = Debug|Any CPU
		{4B1F19ED-1190-43D4-82E5-7060DBE3AC51}.Release|Any CPU.ActiveCfg = Release|Any CPU
		{4B1F19ED-1190-43D4-82E5-7060DBE3AC51}.Release|Any CPU.Build.0 = Release|Any CPU
		{4B1F19ED-1190-43D4-82E5-7060DBE3AC51}.Release|ARM.ActiveCfg = Release|Any CPU
		{4B1F19ED-1190-43D4-82E5-7060DBE3AC51}.Release|ARM.Build.0 = Release|Any CPU
		{4B1F19ED-1190-43D4-82E5-7060DBE3AC51}.Release|x64.ActiveCfg = Release|Any CPU
		{4B1F19ED-1190-43D4-82E5-7060DBE3AC51}.Release|x64.Build.0 = Release|Any CPU
		{4B1F19ED-1190-43D4-82E5-7060DBE3AC51}.Release|x86.ActiveCfg = Release|Any CPU
		{4B1F19ED-1190-43D4-82E5-7060DBE3AC51}.Release|x86.Build.0 = Release|Any CPU
		{E62B0893-BE5F-43A8-A186-16726330F087}.Debug|Any CPU.ActiveCfg = Debug|Any CPU
		{E62B0893-BE5F-43A8-A186-16726330F087}.Debug|Any CPU.Build.0 = Debug|Any CPU
		{E62B0893-BE5F-43A8-A186-16726330F087}.Debug|ARM.ActiveCfg = Debug|Any CPU
		{E62B0893-BE5F-43A8-A186-16726330F087}.Debug|ARM.Build.0 = Debug|Any CPU
		{E62B0893-BE5F-43A8-A186-16726330F087}.Debug|x64.ActiveCfg = Debug|Any CPU
		{E62B0893-BE5F-43A8-A186-16726330F087}.Debug|x64.Build.0 = Debug|Any CPU
		{E62B0893-BE5F-43A8-A186-16726330F087}.Debug|x86.ActiveCfg = Debug|Any CPU
		{E62B0893-BE5F-43A8-A186-16726330F087}.Debug|x86.Build.0 = Debug|Any CPU
		{E62B0893-BE5F-43A8-A186-16726330F087}.Release|Any CPU.ActiveCfg = Release|Any CPU
		{E62B0893-BE5F-43A8-A186-16726330F087}.Release|Any CPU.Build.0 = Release|Any CPU
		{E62B0893-BE5F-43A8-A186-16726330F087}.Release|ARM.ActiveCfg = Release|Any CPU
		{E62B0893-BE5F-43A8-A186-16726330F087}.Release|ARM.Build.0 = Release|Any CPU
		{E62B0893-BE5F-43A8-A186-16726330F087}.Release|x64.ActiveCfg = Release|Any CPU
		{E62B0893-BE5F-43A8-A186-16726330F087}.Release|x64.Build.0 = Release|Any CPU
		{E62B0893-BE5F-43A8-A186-16726330F087}.Release|x86.ActiveCfg = Release|Any CPU
		{E62B0893-BE5F-43A8-A186-16726330F087}.Release|x86.Build.0 = Release|Any CPU
	EndGlobalSection
	GlobalSection(SolutionProperties) = preSolution
		HideSolutionNode = FALSE
	EndGlobalSection
	GlobalSection(NestedProjects) = preSolution
		{C157E599-A01A-4F9E-BC1B-02E6C3D26E61} = {4E3B7094-50D8-4AE9-BD6D-9181AA867AAF}
		{684C87F9-061B-43F5-ADAF-65A43DA7F5F4} = {4E3B7094-50D8-4AE9-BD6D-9181AA867AAF}
		{2F0EEC06-4171-4738-9EAF-55CFBA658DC1} = {4E3B7094-50D8-4AE9-BD6D-9181AA867AAF}
		{953C6E04-F314-4DD6-8E8D-F2D2D6DCDD5C} = {4E3B7094-50D8-4AE9-BD6D-9181AA867AAF}
		{EDC2BE0B-3039-417B-9F39-79A498416BDC} = {4E3B7094-50D8-4AE9-BD6D-9181AA867AAF}
	EndGlobalSection
	GlobalSection(ExtensibilityGlobals) = postSolution
		SolutionGuid = {E8684D12-614F-431C-80F6-09FC9B5E51ED}
	EndGlobalSection
EndGlobal
