
Microsoft Visual Studio Solution File, Format Version 12.00
# Visual Studio 15
VisualStudioVersion = 15.0.27130.2020
MinimumVisualStudioVersion = 10.0.40219.1
Project("{9A19103F-16F7-4668-BE54-9A1E7A4F7556}") = "NeuralNetwork.NET", "NeuralNetwork.NET\NeuralNetwork.NET.csproj", "{DB944C09-55F9-49E1-8F0D-BBFDE51914DE}"
EndProject
Project("{2150E333-8FDC-42A3-9474-1A3956D46DE8}") = "Samples", "Samples", "{4E3B7094-50D8-4AE9-BD6D-9181AA867AAF}"
EndProject
Project("{9A19103F-16F7-4668-BE54-9A1E7A4F7556}") = "DigitsTest", "Samples\DigitsTest\DigitsTest.csproj", "{C157E599-A01A-4F9E-BC1B-02E6C3D26E61}"
EndProject
Project("{2150E333-8FDC-42A3-9474-1A3956D46DE8}") = "Unit", "Unit", "{49AA3089-344B-4572-B1D2-413875F958AB}"
EndProject
Project("{9A19103F-16F7-4668-BE54-9A1E7A4F7556}") = "NeuralNetwork.NET.Unit", "Unit\NeuralNetwork.NET.Unit\NeuralNetwork.NET.Unit.csproj", "{2DC460A3-F62D-4F90-983C-14F496A5240C}"
EndProject
Project("{9A19103F-16F7-4668-BE54-9A1E7A4F7556}") = "NeuralNetwork.NET.Cuda.Unit", "Unit\NeuralNetwork.NET.Cuda.Unit\NeuralNetwork.NET.Cuda.Unit.csproj", "{7A72CECA-927F-4207-ADBD-44597A3314B0}"
EndProject
Project("{9A19103F-16F7-4668-BE54-9A1E7A4F7556}") = "DigitsCudaTest", "Samples\DigitsCudaTest\DigitsCudaTest.csproj", "{61AE027B-B2C2-443F-A5B8-59D55FD70259}"
EndProject
Global
	GlobalSection(SolutionConfigurationPlatforms) = preSolution
		Debug|Any CPU = Debug|Any CPU
		Debug|ARM = Debug|ARM
		Debug|x64 = Debug|x64
		Debug|x86 = Debug|x86
		Release|Any CPU = Release|Any CPU
		Release|ARM = Release|ARM
		Release|x64 = Release|x64
		Release|x86 = Release|x86
	EndGlobalSection
	GlobalSection(ProjectConfigurationPlatforms) = postSolution
		{DB944C09-55F9-49E1-8F0D-BBFDE51914DE}.Debug|Any CPU.ActiveCfg = Debug|Any CPU
		{DB944C09-55F9-49E1-8F0D-BBFDE51914DE}.Debug|Any CPU.Build.0 = Debug|Any CPU
		{DB944C09-55F9-49E1-8F0D-BBFDE51914DE}.Debug|ARM.ActiveCfg = Debug|Any CPU
		{DB944C09-55F9-49E1-8F0D-BBFDE51914DE}.Debug|ARM.Build.0 = Debug|Any CPU
		{DB944C09-55F9-49E1-8F0D-BBFDE51914DE}.Debug|x64.ActiveCfg = Debug|Any CPU
		{DB944C09-55F9-49E1-8F0D-BBFDE51914DE}.Debug|x64.Build.0 = Debug|Any CPU
		{DB944C09-55F9-49E1-8F0D-BBFDE51914DE}.Debug|x86.ActiveCfg = Debug|Any CPU
		{DB944C09-55F9-49E1-8F0D-BBFDE51914DE}.Debug|x86.Build.0 = Debug|Any CPU
		{DB944C09-55F9-49E1-8F0D-BBFDE51914DE}.Release|Any CPU.ActiveCfg = Release|Any CPU
		{DB944C09-55F9-49E1-8F0D-BBFDE51914DE}.Release|Any CPU.Build.0 = Release|Any CPU
		{DB944C09-55F9-49E1-8F0D-BBFDE51914DE}.Release|ARM.ActiveCfg = Release|Any CPU
		{DB944C09-55F9-49E1-8F0D-BBFDE51914DE}.Release|ARM.Build.0 = Release|Any CPU
		{DB944C09-55F9-49E1-8F0D-BBFDE51914DE}.Release|x64.ActiveCfg = Release|Any CPU
		{DB944C09-55F9-49E1-8F0D-BBFDE51914DE}.Release|x64.Build.0 = Release|Any CPU
		{DB944C09-55F9-49E1-8F0D-BBFDE51914DE}.Release|x86.ActiveCfg = Release|Any CPU
		{DB944C09-55F9-49E1-8F0D-BBFDE51914DE}.Release|x86.Build.0 = Release|Any CPU
		{C157E599-A01A-4F9E-BC1B-02E6C3D26E61}.Debug|Any CPU.ActiveCfg = Debug|Any CPU
		{C157E599-A01A-4F9E-BC1B-02E6C3D26E61}.Debug|Any CPU.Build.0 = Debug|Any CPU
		{C157E599-A01A-4F9E-BC1B-02E6C3D26E61}.Debug|ARM.ActiveCfg = Debug|Any CPU
		{C157E599-A01A-4F9E-BC1B-02E6C3D26E61}.Debug|ARM.Build.0 = Debug|Any CPU
		{C157E599-A01A-4F9E-BC1B-02E6C3D26E61}.Debug|x64.ActiveCfg = Debug|Any CPU
		{C157E599-A01A-4F9E-BC1B-02E6C3D26E61}.Debug|x64.Build.0 = Debug|Any CPU
		{C157E599-A01A-4F9E-BC1B-02E6C3D26E61}.Debug|x86.ActiveCfg = Debug|Any CPU
		{C157E599-A01A-4F9E-BC1B-02E6C3D26E61}.Debug|x86.Build.0 = Debug|Any CPU
		{C157E599-A01A-4F9E-BC1B-02E6C3D26E61}.Release|Any CPU.ActiveCfg = Release|Any CPU
		{C157E599-A01A-4F9E-BC1B-02E6C3D26E61}.Release|Any CPU.Build.0 = Release|Any CPU
		{C157E599-A01A-4F9E-BC1B-02E6C3D26E61}.Release|ARM.ActiveCfg = Release|Any CPU
		{C157E599-A01A-4F9E-BC1B-02E6C3D26E61}.Release|ARM.Build.0 = Release|Any CPU
		{C157E599-A01A-4F9E-BC1B-02E6C3D26E61}.Release|x64.ActiveCfg = Release|Any CPU
		{C157E599-A01A-4F9E-BC1B-02E6C3D26E61}.Release|x64.Build.0 = Release|Any CPU
		{C157E599-A01A-4F9E-BC1B-02E6C3D26E61}.Release|x86.ActiveCfg = Release|Any CPU
		{C157E599-A01A-4F9E-BC1B-02E6C3D26E61}.Release|x86.Build.0 = Release|Any CPU
		{2DC460A3-F62D-4F90-983C-14F496A5240C}.Debug|Any CPU.ActiveCfg = Debug|Any CPU
		{2DC460A3-F62D-4F90-983C-14F496A5240C}.Debug|Any CPU.Build.0 = Debug|Any CPU
		{2DC460A3-F62D-4F90-983C-14F496A5240C}.Debug|ARM.ActiveCfg = Debug|Any CPU
		{2DC460A3-F62D-4F90-983C-14F496A5240C}.Debug|ARM.Build.0 = Debug|Any CPU
		{2DC460A3-F62D-4F90-983C-14F496A5240C}.Debug|x64.ActiveCfg = Debug|Any CPU
		{2DC460A3-F62D-4F90-983C-14F496A5240C}.Debug|x64.Build.0 = Debug|Any CPU
		{2DC460A3-F62D-4F90-983C-14F496A5240C}.Debug|x86.ActiveCfg = Debug|Any CPU
		{2DC460A3-F62D-4F90-983C-14F496A5240C}.Debug|x86.Build.0 = Debug|Any CPU
		{2DC460A3-F62D-4F90-983C-14F496A5240C}.Release|Any CPU.ActiveCfg = Release|Any CPU
		{2DC460A3-F62D-4F90-983C-14F496A5240C}.Release|Any CPU.Build.0 = Release|Any CPU
		{2DC460A3-F62D-4F90-983C-14F496A5240C}.Release|ARM.ActiveCfg = Release|Any CPU
		{2DC460A3-F62D-4F90-983C-14F496A5240C}.Release|ARM.Build.0 = Release|Any CPU
		{2DC460A3-F62D-4F90-983C-14F496A5240C}.Release|x64.ActiveCfg = Release|Any CPU
		{2DC460A3-F62D-4F90-983C-14F496A5240C}.Release|x64.Build.0 = Release|Any CPU
		{2DC460A3-F62D-4F90-983C-14F496A5240C}.Release|x86.ActiveCfg = Release|Any CPU
		{2DC460A3-F62D-4F90-983C-14F496A5240C}.Release|x86.Build.0 = Release|Any CPU
		{7A72CECA-927F-4207-ADBD-44597A3314B0}.Debug|Any CPU.ActiveCfg = Debug|Any CPU
		{7A72CECA-927F-4207-ADBD-44597A3314B0}.Debug|Any CPU.Build.0 = Debug|Any CPU
		{7A72CECA-927F-4207-ADBD-44597A3314B0}.Debug|ARM.ActiveCfg = Debug|Any CPU
		{7A72CECA-927F-4207-ADBD-44597A3314B0}.Debug|ARM.Build.0 = Debug|Any CPU
		{7A72CECA-927F-4207-ADBD-44597A3314B0}.Debug|x64.ActiveCfg = Debug|Any CPU
		{7A72CECA-927F-4207-ADBD-44597A3314B0}.Debug|x64.Build.0 = Debug|Any CPU
		{7A72CECA-927F-4207-ADBD-44597A3314B0}.Debug|x86.ActiveCfg = Debug|Any CPU
		{7A72CECA-927F-4207-ADBD-44597A3314B0}.Debug|x86.Build.0 = Debug|Any CPU
		{7A72CECA-927F-4207-ADBD-44597A3314B0}.Release|Any CPU.ActiveCfg = Release|Any CPU
		{7A72CECA-927F-4207-ADBD-44597A3314B0}.Release|Any CPU.Build.0 = Release|Any CPU
		{7A72CECA-927F-4207-ADBD-44597A3314B0}.Release|ARM.ActiveCfg = Release|Any CPU
		{7A72CECA-927F-4207-ADBD-44597A3314B0}.Release|ARM.Build.0 = Release|Any CPU
		{7A72CECA-927F-4207-ADBD-44597A3314B0}.Release|x64.ActiveCfg = Release|Any CPU
		{7A72CECA-927F-4207-ADBD-44597A3314B0}.Release|x64.Build.0 = Release|Any CPU
		{7A72CECA-927F-4207-ADBD-44597A3314B0}.Release|x86.ActiveCfg = Release|Any CPU
		{7A72CECA-927F-4207-ADBD-44597A3314B0}.Release|x86.Build.0 = Release|Any CPU
		{61AE027B-B2C2-443F-A5B8-59D55FD70259}.Debug|Any CPU.ActiveCfg = Debug|Any CPU
		{61AE027B-B2C2-443F-A5B8-59D55FD70259}.Debug|Any CPU.Build.0 = Debug|Any CPU
		{61AE027B-B2C2-443F-A5B8-59D55FD70259}.Debug|ARM.ActiveCfg = Debug|Any CPU
		{61AE027B-B2C2-443F-A5B8-59D55FD70259}.Debug|ARM.Build.0 = Debug|Any CPU
		{61AE027B-B2C2-443F-A5B8-59D55FD70259}.Debug|x64.ActiveCfg = Debug|Any CPU
		{61AE027B-B2C2-443F-A5B8-59D55FD70259}.Debug|x64.Build.0 = Debug|Any CPU
		{61AE027B-B2C2-443F-A5B8-59D55FD70259}.Debug|x86.ActiveCfg = Debug|Any CPU
		{61AE027B-B2C2-443F-A5B8-59D55FD70259}.Debug|x86.Build.0 = Debug|Any CPU
		{61AE027B-B2C2-443F-A5B8-59D55FD70259}.Release|Any CPU.ActiveCfg = Release|Any CPU
		{61AE027B-B2C2-443F-A5B8-59D55FD70259}.Release|Any CPU.Build.0 = Release|Any CPU
		{61AE027B-B2C2-443F-A5B8-59D55FD70259}.Release|ARM.ActiveCfg = Release|Any CPU
		{61AE027B-B2C2-443F-A5B8-59D55FD70259}.Release|ARM.Build.0 = Release|Any CPU
		{61AE027B-B2C2-443F-A5B8-59D55FD70259}.Release|x64.ActiveCfg = Release|Any CPU
		{61AE027B-B2C2-443F-A5B8-59D55FD70259}.Release|x64.Build.0 = Release|Any CPU
		{61AE027B-B2C2-443F-A5B8-59D55FD70259}.Release|x86.ActiveCfg = Release|Any CPU
		{61AE027B-B2C2-443F-A5B8-59D55FD70259}.Release|x86.Build.0 = Release|Any CPU
	EndGlobalSection
	GlobalSection(SolutionProperties) = preSolution
		HideSolutionNode = FALSE
	EndGlobalSection
	GlobalSection(NestedProjects) = preSolution
		{C157E599-A01A-4F9E-BC1B-02E6C3D26E61} = {4E3B7094-50D8-4AE9-BD6D-9181AA867AAF}
		{2DC460A3-F62D-4F90-983C-14F496A5240C} = {49AA3089-344B-4572-B1D2-413875F958AB}
		{7A72CECA-927F-4207-ADBD-44597A3314B0} = {49AA3089-344B-4572-B1D2-413875F958AB}
		{61AE027B-B2C2-443F-A5B8-59D55FD70259} = {4E3B7094-50D8-4AE9-BD6D-9181AA867AAF}
	EndGlobalSection
	GlobalSection(ExtensibilityGlobals) = postSolution
		SolutionGuid = {E8684D12-614F-431C-80F6-09FC9B5E51ED}
	EndGlobalSection
EndGlobal
