
Microsoft Visual Studio Solution File, Format Version 12.00
# Visual Studio 15
VisualStudioVersion = 15.0.26403.0
MinimumVisualStudioVersion = 10.0.40219.1
Project("{FAE04EC0-301F-11D3-BF4B-00C04F79EFBC}") = "NeuralNetworkLibrary", "NeuralNetworkLibrary\NeuralNetworkLibrary.csproj", "{B0812186-B9C8-4D4D-8180-46D176DB9653}"
EndProject
Project("{FAE04EC0-301F-11D3-BF4B-00C04F79EFBC}") = "ConvolutionalNeuralNetworkLibrary", "ConvolutionalNeuralNetworkLibrary\ConvolutionalNeuralNetworkLibrary.csproj", "{DAA26C8D-9416-4769-991B-9CF16D8D1E42}"
EndProject
Project("{FAE04EC0-301F-11D3-BF4B-00C04F79EFBC}") = "DigitsRecognitionSample", "DigitsRecognitionSample\DigitsRecognitionSample.csproj", "{0963C4A5-6DA5-4530-993C-FCB478266A7C}"
EndProject
Project("{FAE04EC0-301F-11D3-BF4B-00C04F79EFBC}") = "NeuralNetwork.NET", "NeuralNetwork.NET\NeuralNetwork.NET.csproj", "{DB944C09-55F9-49E1-8F0D-BBFDE51914DE}"
EndProject
Global
	GlobalSection(SolutionConfigurationPlatforms) = preSolution
		Debug|Any CPU = Debug|Any CPU
		Debug|x64 = Debug|x64
		Release|Any CPU = Release|Any CPU
		Release|x64 = Release|x64
	EndGlobalSection
	GlobalSection(ProjectConfigurationPlatforms) = postSolution
		{B0812186-B9C8-4D4D-8180-46D176DB9653}.Debug|Any CPU.ActiveCfg = Debug|Any CPU
		{B0812186-B9C8-4D4D-8180-46D176DB9653}.Debug|Any CPU.Build.0 = Debug|Any CPU
		{B0812186-B9C8-4D4D-8180-46D176DB9653}.Debug|x64.ActiveCfg = Debug|Any CPU
		{B0812186-B9C8-4D4D-8180-46D176DB9653}.Debug|x64.Build.0 = Debug|Any CPU
		{B0812186-B9C8-4D4D-8180-46D176DB9653}.Release|Any CPU.ActiveCfg = Release|Any CPU
		{B0812186-B9C8-4D4D-8180-46D176DB9653}.Release|Any CPU.Build.0 = Release|Any CPU
		{B0812186-B9C8-4D4D-8180-46D176DB9653}.Release|x64.ActiveCfg = Release|Any CPU
		{B0812186-B9C8-4D4D-8180-46D176DB9653}.Release|x64.Build.0 = Release|Any CPU
		{DAA26C8D-9416-4769-991B-9CF16D8D1E42}.Debug|Any CPU.ActiveCfg = Debug|Any CPU
		{DAA26C8D-9416-4769-991B-9CF16D8D1E42}.Debug|Any CPU.Build.0 = Debug|Any CPU
		{DAA26C8D-9416-4769-991B-9CF16D8D1E42}.Debug|x64.ActiveCfg = Debug|Any CPU
		{DAA26C8D-9416-4769-991B-9CF16D8D1E42}.Debug|x64.Build.0 = Debug|Any CPU
		{DAA26C8D-9416-4769-991B-9CF16D8D1E42}.Release|Any CPU.ActiveCfg = Release|Any CPU
		{DAA26C8D-9416-4769-991B-9CF16D8D1E42}.Release|Any CPU.Build.0 = Release|Any CPU
		{DAA26C8D-9416-4769-991B-9CF16D8D1E42}.Release|x64.ActiveCfg = Release|Any CPU
		{DAA26C8D-9416-4769-991B-9CF16D8D1E42}.Release|x64.Build.0 = Release|Any CPU
		{0963C4A5-6DA5-4530-993C-FCB478266A7C}.Debug|Any CPU.ActiveCfg = Debug|Any CPU
		{0963C4A5-6DA5-4530-993C-FCB478266A7C}.Debug|Any CPU.Build.0 = Debug|Any CPU
		{0963C4A5-6DA5-4530-993C-FCB478266A7C}.Debug|x64.ActiveCfg = Debug|x64
		{0963C4A5-6DA5-4530-993C-FCB478266A7C}.Debug|x64.Build.0 = Debug|x64
		{0963C4A5-6DA5-4530-993C-FCB478266A7C}.Release|Any CPU.ActiveCfg = Release|Any CPU
		{0963C4A5-6DA5-4530-993C-FCB478266A7C}.Release|Any CPU.Build.0 = Release|Any CPU
		{0963C4A5-6DA5-4530-993C-FCB478266A7C}.Release|x64.ActiveCfg = Release|x64
		{0963C4A5-6DA5-4530-993C-FCB478266A7C}.Release|x64.Build.0 = Release|x64
		{DB944C09-55F9-49E1-8F0D-BBFDE51914DE}.Debug|Any CPU.ActiveCfg = Debug|Any CPU
		{DB944C09-55F9-49E1-8F0D-BBFDE51914DE}.Debug|Any CPU.Build.0 = Debug|Any CPU
		{DB944C09-55F9-49E1-8F0D-BBFDE51914DE}.Debug|x64.ActiveCfg = Debug|Any CPU
		{DB944C09-55F9-49E1-8F0D-BBFDE51914DE}.Debug|x64.Build.0 = Debug|Any CPU
		{DB944C09-55F9-49E1-8F0D-BBFDE51914DE}.Release|Any CPU.ActiveCfg = Release|Any CPU
		{DB944C09-55F9-49E1-8F0D-BBFDE51914DE}.Release|Any CPU.Build.0 = Release|Any CPU
		{DB944C09-55F9-49E1-8F0D-BBFDE51914DE}.Release|x64.ActiveCfg = Release|Any CPU
		{DB944C09-55F9-49E1-8F0D-BBFDE51914DE}.Release|x64.Build.0 = Release|Any CPU
	EndGlobalSection
	GlobalSection(SolutionProperties) = preSolution
		HideSolutionNode = FALSE
	EndGlobalSection
EndGlobal
